{
    "requires": true,
    "lockfileVersion": 1,
    "dependencies": {
        "@algolia/cache-browser-local-storage": {
            "version": "4.8.2",
            "resolved": "https://registry.npmjs.org/@algolia/cache-browser-local-storage/-/cache-browser-local-storage-4.8.2.tgz",
            "integrity": "sha512-X2528jVZk+iPmsA4gF2AxH7RnREF10O98yV8QWwXcXcEYD7qjCsidPUGXcRsZCWOkCdZPA2IMJBiPDxZqfrQqA==",
            "requires": {
                "@algolia/cache-common": "4.8.2"
            }
        },
        "@algolia/cache-common": {
            "version": "4.8.2",
            "resolved": "https://registry.npmjs.org/@algolia/cache-common/-/cache-common-4.8.2.tgz",
            "integrity": "sha512-ER3QxHH2vmatfO4rRv504ByAiqqoj6kg0RcoBEetQflxRcRznmX7uFBXI3Zo42OoPKM3NMzFted50YO0Um5VLA=="
        },
        "@algolia/cache-in-memory": {
            "version": "4.8.2",
            "resolved": "https://registry.npmjs.org/@algolia/cache-in-memory/-/cache-in-memory-4.8.2.tgz",
            "integrity": "sha512-CYse8/ZNPr/pMo6inQ0Uu+HWFFN9OcfJw67YCvU+1yz8NaS3rQ2HxU+zu1M/BCKMA89/dYF0jjBMT5rm6E4cdw==",
            "requires": {
                "@algolia/cache-common": "4.8.2"
            }
        },
        "@algolia/client-account": {
            "version": "4.8.2",
            "resolved": "https://registry.npmjs.org/@algolia/client-account/-/client-account-4.8.2.tgz",
            "integrity": "sha512-cRtZ2xiLUfsanrpjYkxyNwE+4SbyUvbe8CL9HwpTJPsP0Jsv69H4H71lL7v0pQY5OWkFxKMsqVxCMH7Px3740w==",
            "requires": {
                "@algolia/client-common": "4.8.2",
                "@algolia/client-search": "4.8.2",
                "@algolia/transporter": "4.8.2"
            }
        },
        "@algolia/client-analytics": {
            "version": "4.8.2",
            "resolved": "https://registry.npmjs.org/@algolia/client-analytics/-/client-analytics-4.8.2.tgz",
            "integrity": "sha512-+vnFokDGxi0vAaumbAgvDuvXWs0VvLk3gDkjkegXD8MMUTs3ByTZApCM4NPnIdbcUroFAJxbyzZQT9/CRZHgcA==",
            "requires": {
                "@algolia/client-common": "4.8.2",
                "@algolia/client-search": "4.8.2",
                "@algolia/requester-common": "4.8.2",
                "@algolia/transporter": "4.8.2"
            }
        },
        "@algolia/client-common": {
            "version": "4.8.2",
            "resolved": "https://registry.npmjs.org/@algolia/client-common/-/client-common-4.8.2.tgz",
            "integrity": "sha512-jO9RvC0FPxxhe/nynGxVEYmNltE5xgYV1Y6zviwl/80PwsrGfWp/rVDh4CVZaBOntmsOp+y0aqQwNYjLMVWXBg==",
            "requires": {
                "@algolia/requester-common": "4.8.2",
                "@algolia/transporter": "4.8.2"
            }
        },
        "@algolia/client-recommendation": {
            "version": "4.8.2",
            "resolved": "https://registry.npmjs.org/@algolia/client-recommendation/-/client-recommendation-4.8.2.tgz",
            "integrity": "sha512-evngF6Odrw93gXkXrOYPXxTWwDQ2K01sadB3Xpa1hQb+vjiBwcA/54w6nKyE4aiII1loT5q+Uj+G1f8HwBuksw==",
            "requires": {
                "@algolia/client-common": "4.8.2",
                "@algolia/requester-common": "4.8.2",
                "@algolia/transporter": "4.8.2"
            }
        },
        "@algolia/client-search": {
            "version": "4.8.2",
            "resolved": "https://registry.npmjs.org/@algolia/client-search/-/client-search-4.8.2.tgz",
            "integrity": "sha512-JtmhdBKsA3Ll9ITvBfvMjsfuOY5oOPlaS9ahBGeb2OFfC1Myb6kbjXl73VtSVh4Bh0MpTsT4SdBdYCJFctRsQg==",
            "requires": {
                "@algolia/client-common": "4.8.2",
                "@algolia/requester-common": "4.8.2",
                "@algolia/transporter": "4.8.2"
            }
        },
        "@algolia/logger-common": {
            "version": "4.8.2",
            "resolved": "https://registry.npmjs.org/@algolia/logger-common/-/logger-common-4.8.2.tgz",
            "integrity": "sha512-Sse29WFBZH4CSCnbMTh8t6uAFaJtNyRRcpDjFfvkSNdPAN/pxLAY9GYUzJmP4J+ILdJn6ZWMNpvwhNQ8p2I+mg=="
        },
        "@algolia/logger-console": {
            "version": "4.8.2",
            "resolved": "https://registry.npmjs.org/@algolia/logger-console/-/logger-console-4.8.2.tgz",
            "integrity": "sha512-hpZvy708iOeX6tcgy9qXVzlH8Avd3UA7AMwd1wAK5dG8PwAcrhO9wRQuE1AemvuVIEhshbWGQl9pDGXsejO+4g==",
            "requires": {
                "@algolia/logger-common": "4.8.2"
            }
        },
        "@algolia/requester-browser-xhr": {
            "version": "4.8.2",
            "resolved": "https://registry.npmjs.org/@algolia/requester-browser-xhr/-/requester-browser-xhr-4.8.2.tgz",
            "integrity": "sha512-Vdv38BtgwAeVPThwOVRVrR8mDiRLADwqXt1c87dnHHL1Rs3/FMRQ9ogKMKnaJMAH+OeXf+yzNxh+QCISPKaMkQ==",
            "requires": {
                "@algolia/requester-common": "4.8.2"
            }
        },
        "@algolia/requester-common": {
            "version": "4.8.2",
            "resolved": "https://registry.npmjs.org/@algolia/requester-common/-/requester-common-4.8.2.tgz",
            "integrity": "sha512-dN6MuKQQTp7+IBZNIRC9KUCrWVQRM3LaSLLB9lM7evjt++2jJTlhUu2Vncd78VbSy2kviojelxZ/mXTITRRxoA=="
        },
        "@algolia/requester-node-http": {
            "version": "4.8.2",
            "resolved": "https://registry.npmjs.org/@algolia/requester-node-http/-/requester-node-http-4.8.2.tgz",
            "integrity": "sha512-pnpDRzIfibJ67rPQvq1me+bqhfflS2w9MlbVMhKdPsSuO8GKAZQ4GJgvIphvpSmhVnB7drdbZZ3J0KVP/y7jeg==",
            "requires": {
                "@algolia/requester-common": "4.8.2"
            }
        },
        "@algolia/transporter": {
            "version": "4.8.2",
            "resolved": "https://registry.npmjs.org/@algolia/transporter/-/transporter-4.8.2.tgz",
            "integrity": "sha512-r3ecEn+4GWW8ntydDmGGlZ5Iqds080bt2RtAUVNbPPwyuXAs9HUqwkYQiTIHSmeYtAlQ6YOYVnX3W6W8FhbhaA==",
            "requires": {
                "@algolia/cache-common": "4.8.2",
                "@algolia/logger-common": "4.8.2",
                "@algolia/requester-common": "4.8.2"
            }
        },
        "@types/googlemaps": {
            "version": "3.40.3",
            "resolved": "https://registry.npmjs.org/@types/googlemaps/-/googlemaps-3.40.3.tgz",
            "integrity": "sha512-ivlG5S0LlnQgpgPnQCUNAs7kjBtO367ZwDmuK+ggsQfW+w4N0RyWbxWZ6vPwegDe50Du3Xbb5+QVwJuB/U1XpA=="
        },
        "abbrev": {
            "version": "1.1.1",
            "resolved": "https://registry.npmjs.org/abbrev/-/abbrev-1.1.1.tgz",
            "integrity": "sha512-nne9/IiQ/hzIhY6pdDnbBtz7DjPTKrY00P/zvPSm5pOFkl6xuGrGnXn/VtTNNfNtAfZ9/1RtehkszU9qcTii0Q=="
        },
        "algoliasearch": {
            "version": "4.8.2",
            "resolved": "https://registry.npmjs.org/algoliasearch/-/algoliasearch-4.8.2.tgz",
            "integrity": "sha512-wQg1UpiXO6iXMXXyrmhKopjd3K4GGq5N/0qEjPB5OYzdvj4ju9rDIW8bYL9ghv9jD5IDrcyFsqCzlSKqn/RVXw==",
            "requires": {
                "@algolia/cache-browser-local-storage": "4.8.2",
                "@algolia/cache-common": "4.8.2",
                "@algolia/cache-in-memory": "4.8.2",
                "@algolia/client-account": "4.8.2",
                "@algolia/client-analytics": "4.8.2",
                "@algolia/client-common": "4.8.2",
                "@algolia/client-recommendation": "4.8.2",
                "@algolia/client-search": "4.8.2",
                "@algolia/logger-common": "4.8.2",
                "@algolia/logger-console": "4.8.2",
                "@algolia/requester-browser-xhr": "4.8.2",
                "@algolia/requester-common": "4.8.2",
                "@algolia/requester-node-http": "4.8.2",
                "@algolia/transporter": "4.8.2"
            }
        },
        "algoliasearch-helper": {
            "version": "3.3.2",
            "resolved": "https://registry.npmjs.org/algoliasearch-helper/-/algoliasearch-helper-3.3.2.tgz",
            "integrity": "sha512-7NCTXL256Bnh0aVBP/FNba9orkpCJVjj98lYyrvFe0hs8lvrP8sVowznqntjeF5BNYqSgI5pEmTaq3iwXSK9jg==",
            "requires": {
                "events": "^1.1.1"
            }
        },
        "classnames": {
            "version": "2.2.6",
            "resolved": "https://registry.npmjs.org/classnames/-/classnames-2.2.6.tgz",
            "integrity": "sha512-JR/iSQOSt+LQIWwrwEzJ9uk0xfN3mTVYMwt1Ir5mUcSN6pU+V4zQFFaJsclJbPuAUQH+yfWef6tm7l1quW3C8Q=="
        },
        "events": {
            "version": "1.1.1",
            "resolved": "https://registry.npmjs.org/events/-/events-1.1.1.tgz",
            "integrity": "sha1-nr23Y1rQmccNzEwqH1AEKI6L2SQ="
        },
        "hogan.js": {
            "version": "3.0.2",
            "resolved": "https://registry.npmjs.org/hogan.js/-/hogan.js-3.0.2.tgz",
            "integrity": "sha1-TNnhq9QpQUbnZ55B14mHMrAse/0=",
            "requires": {
                "mkdirp": "0.3.0",
                "nopt": "1.0.10"
            }
        },
        "instantsearch.js": {
            "version": "4.8.7",
            "resolved": "https://registry.npmjs.org/instantsearch.js/-/instantsearch.js-4.8.7.tgz",
            "integrity": "sha512-oDl896TDB9PsfIGTQkzJ5tWXCiXBQJrBx80Cb/J2Q8s0N60hCGxXo5bSGobDKiSwRDge5uDwlslaGLksVZheng==",
            "requires": {
                "@types/googlemaps": "^3.39.6",
                "algoliasearch-helper": "^3.2.2",
                "classnames": "^2.2.5",
                "events": "^1.1.0",
                "hogan.js": "^3.0.2",
                "preact": "^10.0.0",
                "prop-types": "^15.5.10",
                "qs": "^6.5.1"
            }
        },
        "js-tokens": {
            "version": "4.0.0",
            "resolved": "https://registry.npmjs.org/js-tokens/-/js-tokens-4.0.0.tgz",
            "integrity": "sha512-RdJUflcE3cUzKiMqQgsCu06FPu9UdIJO0beYbPhHN4k6apgJtifcoCtT9bcxOpYBtpD2kCM6Sbzg4CausW/PKQ=="
        },
        "loose-envify": {
            "version": "1.4.0",
            "resolved": "https://registry.npmjs.org/loose-envify/-/loose-envify-1.4.0.tgz",
            "integrity": "sha512-lyuxPGr/Wfhrlem2CL/UcnUc1zcqKAImBDzukY7Y5F/yQiNdko6+fRLevlw1HgMySw7f611UIY408EtxRSoK3Q==",
            "requires": {
                "js-tokens": "^3.0.0 || ^4.0.0"
            }
        },
        "mkdirp": {
            "version": "0.3.0",
            "resolved": "https://registry.npmjs.org/mkdirp/-/mkdirp-0.3.0.tgz",
            "integrity": "sha1-G79asbqCevI1dRQ0kEJkVfSB/h4="
        },
        "nopt": {
            "version": "1.0.10",
            "resolved": "https://registry.npmjs.org/nopt/-/nopt-1.0.10.tgz",
            "integrity": "sha1-bd0hvSoxQXuScn3Vhfim83YI6+4=",
            "requires": {
                "abbrev": "1"
            }
        },
        "object-assign": {
            "version": "4.1.1",
            "resolved": "https://registry.npmjs.org/object-assign/-/object-assign-4.1.1.tgz",
            "integrity": "sha1-IQmtx5ZYh8/AXLvUQsrIv7s2CGM="
        },
        "preact": {
            "version": "10.5.7",
            "resolved": "https://registry.npmjs.org/preact/-/preact-10.5.7.tgz",
            "integrity": "sha512-4oEpz75t/0UNcwmcsjk+BIcDdk68oao+7kxcpc1hQPNs2Oo3ZL9xFz8UBf350mxk/VEdD41L5b4l2dE3Ug3RYg=="
        },
        "prop-types": {
            "version": "15.7.2",
            "resolved": "https://registry.npmjs.org/prop-types/-/prop-types-15.7.2.tgz",
            "integrity": "sha512-8QQikdH7//R2vurIJSutZ1smHYTcLpRWEOlHnzcWHmBYrOGUysKwSsrC89BCiFj3CbrfJ/nXFdJepOVrY1GCHQ==",
            "requires": {
                "loose-envify": "^1.4.0",
                "object-assign": "^4.1.1",
                "react-is": "^16.8.1"
            }
        },
        "qs": {
            "version": "6.9.4",
            "resolved": "https://registry.npmjs.org/qs/-/qs-6.9.4.tgz",
            "integrity": "sha512-A1kFqHekCTM7cz0udomYUoYNWjBebHm/5wzU/XqrBRBNWectVH0QIiN+NEcZ0Dte5hvzHwbr8+XQmguPhJ6WdQ=="
        },
        "react-is": {
            "version": "16.13.1",
            "resolved": "https://registry.npmjs.org/react-is/-/react-is-16.13.1.tgz",
            "integrity": "sha512-24e6ynE2H+OKt4kqsOvNd8kBpV65zoxbA4BVsEOB3ARVWQki/DHzaUoC5KuON/BiccDaCCTZBuOcfZs70kR8bQ=="
        },
        "vue-instantsearch": {
            "version": "3.4.2",
            "resolved": "https://registry.npmjs.org/vue-instantsearch/-/vue-instantsearch-3.4.2.tgz",
            "integrity": "sha512-78Q9YUUPkcu5e+sWCeR8H8XeZvZbH54lbffD+2SfQkaOt8YCFRJbJiWofMO1NH+yfNBkASMkUOHzXWDPlIXxZw==",
            "requires": {
                "algoliasearch-helper": "^3.1.0",
                "instantsearch.js": "^4.7.0"
            }
        }
    }
}
